<?xml version="1.0" encoding="utf-8"?>
<Project ToolsVersion="4.0" xmlns="http://schemas.microsoft.com/developer/msbuild/2003">
  <ItemGroup>
    <Filter Include="stream">
      <UniqueIdentifier>{5d3aac10-d61c-4494-9b1a-e25ebb235943}</UniqueIdentifier>
    </Filter>
    <Filter Include="Application">
      <UniqueIdentifier>{93995380-89BD-4b04-88EB-625FBE52EBFB}</UniqueIdentifier>
    </Filter>
    <Filter Include="NALUnit">
      <UniqueIdentifier>{4FC737F1-C7A5-4376-A066-2A32D752A2FF}</UniqueIdentifier>
    </Filter>
    <Filter Include="Global">
      <UniqueIdentifier>{78bd5cf0-a8bb-4cae-8181-9e738d9924cf}</UniqueIdentifier>
    </Filter>
  </ItemGroup>
  <ItemGroup>
    <ClInclude Include="stream.h">
      <Filter>stream</Filter>
    </ClInclude>
    <ClInclude Include="NALUnit.h">
      <Filter>NALUnit</Filter>
    </ClInclude>
    <ClInclude Include="base.h">
      <Filter>Global</Filter>
    </ClInclude>
    <ClInclude Include="pch.h">
      <Filter>Global</Filter>
    </ClInclude>
    <ClInclude Include="utils.h">
      <Filter>Global</Filter>
    </ClInclude>
  </ItemGroup>
  <ItemGroup>
    <ClCompile Include="stream.cpp">
      <Filter>stream</Filter>
    </ClCompile>
    <ClCompile Include="demo.cpp">
      <Filter>Application</Filter>
    </ClCompile>
    <ClCompile Include="NALUnit.cpp">
      <Filter>NALUnit</Filter>
    </ClCompile>
    <ClCompile Include="pch.cpp">
      <Filter>Global</Filter>
    </ClCompile>
    <ClCompile Include="utils.cpp">
      <Filter>Global</Filter>
    </ClCompile>
  </ItemGroup>
</Project>